// !$*UTF8*$!
{
	archiveVersion = 1;
	classes = {
	};
	objectVersion = 46;
	objects = {

/* Begin PBXBuildFile section */
		4451C9097D7CA1A72DE49B1B /* Pods_WorkHUITests.framework in Frameworks */ = {isa = PBXBuildFile; fileRef = A6400CB7BA3F98426EF747FC /* Pods_WorkHUITests.framework */; };
		8CD569F3D3571C4C4D4BA422 /* Pods_WorkHTests.framework in Frameworks */ = {isa = PBXBuildFile; fileRef = 322ADC487E4CC65674C3E71C /* Pods_WorkHTests.framework */; };
		9D51C79D2E0A2EE12D3264E7 /* Pods_WorkH.framework in Frameworks */ = {isa = PBXBuildFile; fileRef = BDC53EE19E3075D732CE8814 /* Pods_WorkH.framework */; };
		FAB170931CE7DC4B002BC337 /* AppDelegate.swift in Sources */ = {isa = PBXBuildFile; fileRef = FAB170921CE7DC4B002BC337 /* AppDelegate.swift */; };
		FAB170951CE7DC4B002BC337 /* ViewController.swift in Sources */ = {isa = PBXBuildFile; fileRef = FAB170941CE7DC4B002BC337 /* ViewController.swift */; };
		FAB170981CE7DC4B002BC337 /* Main.storyboard in Resources */ = {isa = PBXBuildFile; fileRef = FAB170961CE7DC4B002BC337 /* Main.storyboard */; };
		FAB1709A1CE7DC4B002BC337 /* Assets.xcassets in Resources */ = {isa = PBXBuildFile; fileRef = FAB170991CE7DC4B002BC337 /* Assets.xcassets */; };
		FAB1709D1CE7DC4B002BC337 /* LaunchScreen.storyboard in Resources */ = {isa = PBXBuildFile; fileRef = FAB1709B1CE7DC4B002BC337 /* LaunchScreen.storyboard */; };
		FAB170A81CE7DC4B002BC337 /* WorkHTests.swift in Sources */ = {isa = PBXBuildFile; fileRef = FAB170A71CE7DC4B002BC337 /* WorkHTests.swift */; };
		FAB170B31CE7DC4B002BC337 /* WorkHUITests.swift in Sources */ = {isa = PBXBuildFile; fileRef = FAB170B21CE7DC4B002BC337 /* WorkHUITests.swift */; };
		FAB170C11CE7DE5E002BC337 /* Timekeeper.swift in Sources */ = {isa = PBXBuildFile; fileRef = FAB170C01CE7DE5E002BC337 /* Timekeeper.swift */; };
		FAB170C51CE88154002BC337 /* RealmHandler.swift in Sources */ = {isa = PBXBuildFile; fileRef = FAB170C41CE88154002BC337 /* RealmHandler.swift */; };
		FAB170C71CE88265002BC337 /* Session.swift in Sources */ = {isa = PBXBuildFile; fileRef = FAB170C61CE88265002BC337 /* Session.swift */; };
		FAB170CB1CE8C7B8002BC337 /* CloudKit.framework in Frameworks */ = {isa = PBXBuildFile; fileRef = FAB170CA1CE8C7B8002BC337 /* CloudKit.framework */; };
		FAB170CD1CE8C7D3002BC337 /* CloudKitHandler.swift in Sources */ = {isa = PBXBuildFile; fileRef = FAB170CC1CE8C7D3002BC337 /* CloudKitHandler.swift */; };
/* End PBXBuildFile section */

/* Begin PBXContainerItemProxy section */
		FAB170A41CE7DC4B002BC337 /* PBXContainerItemProxy */ = {
			isa = PBXContainerItemProxy;
			containerPortal = FAB170871CE7DC4B002BC337 /* Project object */;
			proxyType = 1;
			remoteGlobalIDString = FAB1708E1CE7DC4B002BC337;
			remoteInfo = WorkH;
		};
		FAB170AF1CE7DC4B002BC337 /* PBXContainerItemProxy */ = {
			isa = PBXContainerItemProxy;
			containerPortal = FAB170871CE7DC4B002BC337 /* Project object */;
			proxyType = 1;
			remoteGlobalIDString = FAB1708E1CE7DC4B002BC337;
			remoteInfo = WorkH;
		};
/* End PBXContainerItemProxy section */

/* Begin PBXFileReference section */
		115E9A741C782036435516C5 /* Pods-WorkHTests.debug.xcconfig */ = {isa = PBXFileReference; includeInIndex = 1; lastKnownFileType = text.xcconfig; name = "Pods-WorkHTests.debug.xcconfig"; path = "Pods/Target Support Files/Pods-WorkHTests/Pods-WorkHTests.debug.xcconfig"; sourceTree = "<group>"; };
		322ADC487E4CC65674C3E71C /* Pods_WorkHTests.framework */ = {isa = PBXFileReference; explicitFileType = wrapper.framework; includeInIndex = 0; path = Pods_WorkHTests.framework; sourceTree = BUILT_PRODUCTS_DIR; };
		38296DB57C7D38420AFA2D3E /* Pods-WorkH.debug.xcconfig */ = {isa = PBXFileReference; includeInIndex = 1; lastKnownFileType = text.xcconfig; name = "Pods-WorkH.debug.xcconfig"; path = "Pods/Target Support Files/Pods-WorkH/Pods-WorkH.debug.xcconfig"; sourceTree = "<group>"; };
		A0B4AEBB85AD3466081681B8 /* Pods-WorkHUITests.release.xcconfig */ = {isa = PBXFileReference; includeInIndex = 1; lastKnownFileType = text.xcconfig; name = "Pods-WorkHUITests.release.xcconfig"; path = "Pods/Target Support Files/Pods-WorkHUITests/Pods-WorkHUITests.release.xcconfig"; sourceTree = "<group>"; };
		A6400CB7BA3F98426EF747FC /* Pods_WorkHUITests.framework */ = {isa = PBXFileReference; explicitFileType = wrapper.framework; includeInIndex = 0; path = Pods_WorkHUITests.framework; sourceTree = BUILT_PRODUCTS_DIR; };
		B0026C7B9EE5DA07A3626092 /* Pods-WorkH.release.xcconfig */ = {isa = PBXFileReference; includeInIndex = 1; lastKnownFileType = text.xcconfig; name = "Pods-WorkH.release.xcconfig"; path = "Pods/Target Support Files/Pods-WorkH/Pods-WorkH.release.xcconfig"; sourceTree = "<group>"; };
		BDC53EE19E3075D732CE8814 /* Pods_WorkH.framework */ = {isa = PBXFileReference; explicitFileType = wrapper.framework; includeInIndex = 0; path = Pods_WorkH.framework; sourceTree = BUILT_PRODUCTS_DIR; };
		D87C997E72E148F80B25DFE9 /* Pods-WorkHTests.release.xcconfig */ = {isa = PBXFileReference; includeInIndex = 1; lastKnownFileType = text.xcconfig; name = "Pods-WorkHTests.release.xcconfig"; path = "Pods/Target Support Files/Pods-WorkHTests/Pods-WorkHTests.release.xcconfig"; sourceTree = "<group>"; };
		ED82091935ADA0229F1114C7 /* Pods-WorkHUITests.debug.xcconfig */ = {isa = PBXFileReference; includeInIndex = 1; lastKnownFileType = text.xcconfig; name = "Pods-WorkHUITests.debug.xcconfig"; path = "Pods/Target Support Files/Pods-WorkHUITests/Pods-WorkHUITests.debug.xcconfig"; sourceTree = "<group>"; };
		FAB1708F1CE7DC4B002BC337 /* WorkH.app */ = {isa = PBXFileReference; explicitFileType = wrapper.application; includeInIndex = 0; path = WorkH.app; sourceTree = BUILT_PRODUCTS_DIR; };
		FAB170921CE7DC4B002BC337 /* AppDelegate.swift */ = {isa = PBXFileReference; lastKnownFileType = sourcecode.swift; path = AppDelegate.swift; sourceTree = "<group>"; };
		FAB170941CE7DC4B002BC337 /* ViewController.swift */ = {isa = PBXFileReference; lastKnownFileType = sourcecode.swift; path = ViewController.swift; sourceTree = "<group>"; };
		FAB170971CE7DC4B002BC337 /* Base */ = {isa = PBXFileReference; lastKnownFileType = file.storyboard; name = Base; path = Base.lproj/Main.storyboard; sourceTree = "<group>"; };
		FAB170991CE7DC4B002BC337 /* Assets.xcassets */ = {isa = PBXFileReference; lastKnownFileType = folder.assetcatalog; path = Assets.xcassets; sourceTree = "<group>"; };
		FAB1709C1CE7DC4B002BC337 /* Base */ = {isa = PBXFileReference; lastKnownFileType = file.storyboard; name = Base; path = Base.lproj/LaunchScreen.storyboard; sourceTree = "<group>"; };
		FAB1709E1CE7DC4B002BC337 /* Info.plist */ = {isa = PBXFileReference; lastKnownFileType = text.plist.xml; path = Info.plist; sourceTree = "<group>"; };
		FAB170A31CE7DC4B002BC337 /* WorkHTests.xctest */ = {isa = PBXFileReference; explicitFileType = wrapper.cfbundle; includeInIndex = 0; path = WorkHTests.xctest; sourceTree = BUILT_PRODUCTS_DIR; };
		FAB170A71CE7DC4B002BC337 /* WorkHTests.swift */ = {isa = PBXFileReference; lastKnownFileType = sourcecode.swift; path = WorkHTests.swift; sourceTree = "<group>"; };
		FAB170A91CE7DC4B002BC337 /* Info.plist */ = {isa = PBXFileReference; lastKnownFileType = text.plist.xml; path = Info.plist; sourceTree = "<group>"; };
		FAB170AE1CE7DC4B002BC337 /* WorkHUITests.xctest */ = {isa = PBXFileReference; explicitFileType = wrapper.cfbundle; includeInIndex = 0; path = WorkHUITests.xctest; sourceTree = BUILT_PRODUCTS_DIR; };
		FAB170B21CE7DC4B002BC337 /* WorkHUITests.swift */ = {isa = PBXFileReference; lastKnownFileType = sourcecode.swift; path = WorkHUITests.swift; sourceTree = "<group>"; };
		FAB170B41CE7DC4B002BC337 /* Info.plist */ = {isa = PBXFileReference; lastKnownFileType = text.plist.xml; path = Info.plist; sourceTree = "<group>"; };
		FAB170C01CE7DE5E002BC337 /* Timekeeper.swift */ = {isa = PBXFileReference; fileEncoding = 4; lastKnownFileType = sourcecode.swift; path = Timekeeper.swift; sourceTree = "<group>"; };
		FAB170C41CE88154002BC337 /* RealmHandler.swift */ = {isa = PBXFileReference; fileEncoding = 4; lastKnownFileType = sourcecode.swift; path = RealmHandler.swift; sourceTree = "<group>"; };
		FAB170C61CE88265002BC337 /* Session.swift */ = {isa = PBXFileReference; fileEncoding = 4; lastKnownFileType = sourcecode.swift; path = Session.swift; sourceTree = "<group>"; };
		FAB170C91CE8C7B4002BC337 /* WorkH.entitlements */ = {isa = PBXFileReference; lastKnownFileType = text.xml; path = WorkH.entitlements; sourceTree = "<group>"; };
		FAB170CA1CE8C7B8002BC337 /* CloudKit.framework */ = {isa = PBXFileReference; lastKnownFileType = wrapper.framework; name = CloudKit.framework; path = System/Library/Frameworks/CloudKit.framework; sourceTree = SDKROOT; };
		FAB170CC1CE8C7D3002BC337 /* CloudKitHandler.swift */ = {isa = PBXFileReference; fileEncoding = 4; lastKnownFileType = sourcecode.swift; path = CloudKitHandler.swift; sourceTree = "<group>"; };
/* End PBXFileReference section */

/* Begin PBXFrameworksBuildPhase section */
		FAB1708C1CE7DC4B002BC337 /* Frameworks */ = {
			isa = PBXFrameworksBuildPhase;
			buildActionMask = 2147483647;
			files = (
				9D51C79D2E0A2EE12D3264E7 /* Pods_WorkH.framework in Frameworks */,
				FAB170CB1CE8C7B8002BC337 /* CloudKit.framework in Frameworks */,
			);
			runOnlyForDeploymentPostprocessing = 0;
		};
		FAB170A01CE7DC4B002BC337 /* Frameworks */ = {
			isa = PBXFrameworksBuildPhase;
			buildActionMask = 2147483647;
			files = (
				8CD569F3D3571C4C4D4BA422 /* Pods_WorkHTests.framework in Frameworks */,
			);
			runOnlyForDeploymentPostprocessing = 0;
		};
		FAB170AB1CE7DC4B002BC337 /* Frameworks */ = {
			isa = PBXFrameworksBuildPhase;
			buildActionMask = 2147483647;
			files = (
				4451C9097D7CA1A72DE49B1B /* Pods_WorkHUITests.framework in Frameworks */,
			);
			runOnlyForDeploymentPostprocessing = 0;
		};
/* End PBXFrameworksBuildPhase section */

/* Begin PBXGroup section */
		04586A8A08A6D5A8147A70C4 /* Frameworks */ = {
			isa = PBXGroup;
			children = (
				FAB170CA1CE8C7B8002BC337 /* CloudKit.framework */,
				BDC53EE19E3075D732CE8814 /* Pods_WorkH.framework */,
				322ADC487E4CC65674C3E71C /* Pods_WorkHTests.framework */,
				A6400CB7BA3F98426EF747FC /* Pods_WorkHUITests.framework */,
			);
			name = Frameworks;
			sourceTree = "<group>";
		};
		671EF9DE5B98C1C5E1723872 /* Pods */ = {
			isa = PBXGroup;
			children = (
				38296DB57C7D38420AFA2D3E /* Pods-WorkH.debug.xcconfig */,
				B0026C7B9EE5DA07A3626092 /* Pods-WorkH.release.xcconfig */,
				115E9A741C782036435516C5 /* Pods-WorkHTests.debug.xcconfig */,
				D87C997E72E148F80B25DFE9 /* Pods-WorkHTests.release.xcconfig */,
				ED82091935ADA0229F1114C7 /* Pods-WorkHUITests.debug.xcconfig */,
				A0B4AEBB85AD3466081681B8 /* Pods-WorkHUITests.release.xcconfig */,
			);
			name = Pods;
			sourceTree = "<group>";
		};
		FAB170861CE7DC4B002BC337 = {
			isa = PBXGroup;
			children = (
				FAB170911CE7DC4B002BC337 /* WorkH */,
				FAB170A61CE7DC4B002BC337 /* WorkHTests */,
				FAB170B11CE7DC4B002BC337 /* WorkHUITests */,
				FAB170901CE7DC4B002BC337 /* Products */,
				671EF9DE5B98C1C5E1723872 /* Pods */,
				04586A8A08A6D5A8147A70C4 /* Frameworks */,
			);
			sourceTree = "<group>";
		};
		FAB170901CE7DC4B002BC337 /* Products */ = {
			isa = PBXGroup;
			children = (
				FAB1708F1CE7DC4B002BC337 /* WorkH.app */,
				FAB170A31CE7DC4B002BC337 /* WorkHTests.xctest */,
				FAB170AE1CE7DC4B002BC337 /* WorkHUITests.xctest */,
			);
			name = Products;
			sourceTree = "<group>";
		};
		FAB170911CE7DC4B002BC337 /* WorkH */ = {
			isa = PBXGroup;
			children = (
				FAB170C81CE893E0002BC337 /* View Controllers */,
				FAB170C01CE7DE5E002BC337 /* Timekeeper.swift */,
				FAB170D11CE8C85C002BC337 /* Realm */,
				FAB170CF1CE8C83F002BC337 /* Cloud Kit */,
				FAB170D01CE8C848002BC337 /* Data Model */,
				FAB170CE1CE8C82C002BC337 /* Infrasturcture */,
			);
			path = WorkH;
			sourceTree = "<group>";
		};
		FAB170A61CE7DC4B002BC337 /* WorkHTests */ = {
			isa = PBXGroup;
			children = (
				FAB170A71CE7DC4B002BC337 /* WorkHTests.swift */,
				FAB170A91CE7DC4B002BC337 /* Info.plist */,
			);
			path = WorkHTests;
			sourceTree = "<group>";
		};
		FAB170B11CE7DC4B002BC337 /* WorkHUITests */ = {
			isa = PBXGroup;
			children = (
				FAB170B21CE7DC4B002BC337 /* WorkHUITests.swift */,
				FAB170B41CE7DC4B002BC337 /* Info.plist */,
			);
			path = WorkHUITests;
			sourceTree = "<group>";
		};
		FAB170C81CE893E0002BC337 /* View Controllers */ = {
			isa = PBXGroup;
			children = (
				FAB170941CE7DC4B002BC337 /* ViewController.swift */,
				FAB170961CE7DC4B002BC337 /* Main.storyboard */,
			);
			name = "View Controllers";
			sourceTree = "<group>";
		};
		FAB170CE1CE8C82C002BC337 /* Infrasturcture */ = {
			isa = PBXGroup;
			children = (
				FAB170C91CE8C7B4002BC337 /* WorkH.entitlements */,
				FAB170921CE7DC4B002BC337 /* AppDelegate.swift */,
				FAB170991CE7DC4B002BC337 /* Assets.xcassets */,
				FAB1709B1CE7DC4B002BC337 /* LaunchScreen.storyboard */,
				FAB1709E1CE7DC4B002BC337 /* Info.plist */,
			);
			name = Infrasturcture;
			sourceTree = "<group>";
		};
		FAB170CF1CE8C83F002BC337 /* Cloud Kit */ = {
			isa = PBXGroup;
			children = (
				FAB170CC1CE8C7D3002BC337 /* CloudKitHandler.swift */,
			);
			name = "Cloud Kit";
			sourceTree = "<group>";
		};
		FAB170D01CE8C848002BC337 /* Data Model */ = {
			isa = PBXGroup;
			children = (
				FAB170C61CE88265002BC337 /* Session.swift */,
			);
			name = "Data Model";
			sourceTree = "<group>";
		};
		FAB170D11CE8C85C002BC337 /* Realm */ = {
			isa = PBXGroup;
			children = (
				FAB170C41CE88154002BC337 /* RealmHandler.swift */,
			);
			name = Realm;
			sourceTree = "<group>";
		};
/* End PBXGroup section */

/* Begin PBXNativeTarget section */
		FAB1708E1CE7DC4B002BC337 /* WorkH */ = {
			isa = PBXNativeTarget;
			buildConfigurationList = FAB170B71CE7DC4B002BC337 /* Build configuration list for PBXNativeTarget "WorkH" */;
			buildPhases = (
				C393F0E5D173A81FD7F76C16 /* 📦 Check Pods Manifest.lock */,
				FAB1708B1CE7DC4B002BC337 /* Sources */,
				FAB1708C1CE7DC4B002BC337 /* Frameworks */,
				FAB1708D1CE7DC4B002BC337 /* Resources */,
				52B9D1A08393E3A89F2FD6CD /* 📦 Embed Pods Frameworks */,
				CD195BEAC2E19E95C7DF3BBB /* 📦 Copy Pods Resources */,
			);
			buildRules = (
			);
			dependencies = (
			);
			name = WorkH;
			productName = WorkH;
			productReference = FAB1708F1CE7DC4B002BC337 /* WorkH.app */;
			productType = "com.apple.product-type.application";
		};
		FAB170A21CE7DC4B002BC337 /* WorkHTests */ = {
			isa = PBXNativeTarget;
			buildConfigurationList = FAB170BA1CE7DC4B002BC337 /* Build configuration list for PBXNativeTarget "WorkHTests" */;
			buildPhases = (
				FD9CF1B28413D9D162EEAC85 /* 📦 Check Pods Manifest.lock */,
				FAB1709F1CE7DC4B002BC337 /* Sources */,
				FAB170A01CE7DC4B002BC337 /* Frameworks */,
				FAB170A11CE7DC4B002BC337 /* Resources */,
				B79B8240FE243FC68FA0A068 /* 📦 Embed Pods Frameworks */,
				BB1ED5867EAA00744C54E2A4 /* 📦 Copy Pods Resources */,
			);
			buildRules = (
			);
			dependencies = (
				FAB170A51CE7DC4B002BC337 /* PBXTargetDependency */,
			);
			name = WorkHTests;
			productName = WorkHTests;
			productReference = FAB170A31CE7DC4B002BC337 /* WorkHTests.xctest */;
			productType = "com.apple.product-type.bundle.unit-test";
		};
		FAB170AD1CE7DC4B002BC337 /* WorkHUITests */ = {
			isa = PBXNativeTarget;
			buildConfigurationList = FAB170BD1CE7DC4B002BC337 /* Build configuration list for PBXNativeTarget "WorkHUITests" */;
			buildPhases = (
				67B0DA58EF2843068A5516D9 /* 📦 Check Pods Manifest.lock */,
				FAB170AA1CE7DC4B002BC337 /* Sources */,
				FAB170AB1CE7DC4B002BC337 /* Frameworks */,
				FAB170AC1CE7DC4B002BC337 /* Resources */,
				F0A3020A22F7B7F197496724 /* 📦 Copy Pods Resources */,
			);
			buildRules = (
			);
			dependencies = (
				FAB170B01CE7DC4B002BC337 /* PBXTargetDependency */,
			);
			name = WorkHUITests;
			productName = WorkHUITests;
			productReference = FAB170AE1CE7DC4B002BC337 /* WorkHUITests.xctest */;
			productType = "com.apple.product-type.bundle.ui-testing";
		};
/* End PBXNativeTarget section */

/* Begin PBXProject section */
		FAB170871CE7DC4B002BC337 /* Project object */ = {
			isa = PBXProject;
			attributes = {
				LastSwiftUpdateCheck = 0730;
				LastUpgradeCheck = 0730;
				ORGANIZATIONNAME = "Zel Marko";
				TargetAttributes = {
					FAB1708E1CE7DC4B002BC337 = {
						CreatedOnToolsVersion = 7.3;
						DevelopmentTeam = 96HG6E2WJ6;
						SystemCapabilities = {
							com.apple.iCloud = {
								enabled = 1;
							};
						};
					};
					FAB170A21CE7DC4B002BC337 = {
						CreatedOnToolsVersion = 7.3;
						TestTargetID = FAB1708E1CE7DC4B002BC337;
					};
					FAB170AD1CE7DC4B002BC337 = {
						CreatedOnToolsVersion = 7.3;
						TestTargetID = FAB1708E1CE7DC4B002BC337;
					};
				};
			};
			buildConfigurationList = FAB1708A1CE7DC4B002BC337 /* Build configuration list for PBXProject "WorkH" */;
			compatibilityVersion = "Xcode 3.2";
			developmentRegion = English;
			hasScannedForEncodings = 0;
			knownRegions = (
				en,
				Base,
			);
			mainGroup = FAB170861CE7DC4B002BC337;
			productRefGroup = FAB170901CE7DC4B002BC337 /* Products */;
			projectDirPath = "";
			projectRoot = "";
			targets = (
				FAB1708E1CE7DC4B002BC337 /* WorkH */,
				FAB170A21CE7DC4B002BC337 /* WorkHTests */,
				FAB170AD1CE7DC4B002BC337 /* WorkHUITests */,
			);
		};
/* End PBXProject section */

/* Begin PBXResourcesBuildPhase section */
		FAB1708D1CE7DC4B002BC337 /* Resources */ = {
			isa = PBXResourcesBuildPhase;
			buildActionMask = 2147483647;
			files = (
				FAB1709D1CE7DC4B002BC337 /* LaunchScreen.storyboard in Resources */,
				FAB1709A1CE7DC4B002BC337 /* Assets.xcassets in Resources */,
				FAB170981CE7DC4B002BC337 /* Main.storyboard in Resources */,
			);
			runOnlyForDeploymentPostprocessing = 0;
		};
		FAB170A11CE7DC4B002BC337 /* Resources */ = {
			isa = PBXResourcesBuildPhase;
			buildActionMask = 2147483647;
			files = (
			);
			runOnlyForDeploymentPostprocessing = 0;
		};
		FAB170AC1CE7DC4B002BC337 /* Resources */ = {
			isa = PBXResourcesBuildPhase;
			buildActionMask = 2147483647;
			files = (
			);
			runOnlyForDeploymentPostprocessing = 0;
		};
/* End PBXResourcesBuildPhase section */

/* Begin PBXShellScriptBuildPhase section */
		52B9D1A08393E3A89F2FD6CD /* 📦 Embed Pods Frameworks */ = {
			isa = PBXShellScriptBuildPhase;
			buildActionMask = 2147483647;
			files = (
			);
			inputPaths = (
			);
			name = "📦 Embed Pods Frameworks";
			outputPaths = (
			);
			runOnlyForDeploymentPostprocessing = 0;
			shellPath = /bin/sh;
			shellScript = "\"${SRCROOT}/Pods/Target Support Files/Pods-WorkH/Pods-WorkH-frameworks.sh\"\n";
			showEnvVarsInLog = 0;
		};
		67B0DA58EF2843068A5516D9 /* 📦 Check Pods Manifest.lock */ = {
			isa = PBXShellScriptBuildPhase;
			buildActionMask = 2147483647;
			files = (
			);
			inputPaths = (
			);
			name = "📦 Check Pods Manifest.lock";
			outputPaths = (
			);
			runOnlyForDeploymentPostprocessing = 0;
			shellPath = /bin/sh;
			shellScript = "diff \"${PODS_ROOT}/../Podfile.lock\" \"${PODS_ROOT}/Manifest.lock\" > /dev/null\nif [[ $? != 0 ]] ; then\n    cat << EOM\nerror: The sandbox is not in sync with the Podfile.lock. Run 'pod install' or update your CocoaPods installation.\nEOM\n    exit 1\nfi\n";
			showEnvVarsInLog = 0;
		};
		B79B8240FE243FC68FA0A068 /* 📦 Embed Pods Frameworks */ = {
			isa = PBXShellScriptBuildPhase;
			buildActionMask = 2147483647;
			files = (
			);
			inputPaths = (
			);
			name = "📦 Embed Pods Frameworks";
			outputPaths = (
			);
			runOnlyForDeploymentPostprocessing = 0;
			shellPath = /bin/sh;
			shellScript = "\"${SRCROOT}/Pods/Target Support Files/Pods-WorkHTests/Pods-WorkHTests-frameworks.sh\"\n";
			showEnvVarsInLog = 0;
		};
		BB1ED5867EAA00744C54E2A4 /* 📦 Copy Pods Resources */ = {
			isa = PBXShellScriptBuildPhase;
			buildActionMask = 2147483647;
			files = (
			);
			inputPaths = (
			);
			name = "📦 Copy Pods Resources";
			outputPaths = (
			);
			runOnlyForDeploymentPostprocessing = 0;
			shellPath = /bin/sh;
			shellScript = "\"${SRCROOT}/Pods/Target Support Files/Pods-WorkHTests/Pods-WorkHTests-resources.sh\"\n";
			showEnvVarsInLog = 0;
		};
		C393F0E5D173A81FD7F76C16 /* 📦 Check Pods Manifest.lock */ = {
			isa = PBXShellScriptBuildPhase;
			buildActionMask = 2147483647;
			files = (
			);
			inputPaths = (
			);
			name = "📦 Check Pods Manifest.lock";
			outputPaths = (
			);
			runOnlyForDeploymentPostprocessing = 0;
			shellPath = /bin/sh;
			shellScript = "diff \"${PODS_ROOT}/../Podfile.lock\" \"${PODS_ROOT}/Manifest.lock\" > /dev/null\nif [[ $? != 0 ]] ; then\n    cat << EOM\nerror: The sandbox is not in sync with the Podfile.lock. Run 'pod install' or update your CocoaPods installation.\nEOM\n    exit 1\nfi\n";
			showEnvVarsInLog = 0;
		};
		CD195BEAC2E19E95C7DF3BBB /* 📦 Copy Pods Resources */ = {
			isa = PBXShellScriptBuildPhase;
			buildActionMask = 2147483647;
			files = (
			);
			inputPaths = (
			);
			name = "📦 Copy Pods Resources";
			outputPaths = (
			);
			runOnlyForDeploymentPostprocessing = 0;
			shellPath = /bin/sh;
			shellScript = "\"${SRCROOT}/Pods/Target Support Files/Pods-WorkH/Pods-WorkH-resources.sh\"\n";
			showEnvVarsInLog = 0;
		};
		F0A3020A22F7B7F197496724 /* 📦 Copy Pods Resources */ = {
			isa = PBXShellScriptBuildPhase;
			buildActionMask = 2147483647;
			files = (
			);
			inputPaths = (
			);
			name = "📦 Copy Pods Resources";
			outputPaths = (
			);
			runOnlyForDeploymentPostprocessing = 0;
			shellPath = /bin/sh;
			shellScript = "\"${SRCROOT}/Pods/Target Support Files/Pods-WorkHUITests/Pods-WorkHUITests-resources.sh\"\n";
			showEnvVarsInLog = 0;
		};
		FD9CF1B28413D9D162EEAC85 /* 📦 Check Pods Manifest.lock */ = {
			isa = PBXShellScriptBuildPhase;
			buildActionMask = 2147483647;
			files = (
			);
			inputPaths = (
			);
			name = "📦 Check Pods Manifest.lock";
			outputPaths = (
			);
			runOnlyForDeploymentPostprocessing = 0;
			shellPath = /bin/sh;
			shellScript = "diff \"${PODS_ROOT}/../Podfile.lock\" \"${PODS_ROOT}/Manifest.lock\" > /dev/null\nif [[ $? != 0 ]] ; then\n    cat << EOM\nerror: The sandbox is not in sync with the Podfile.lock. Run 'pod install' or update your CocoaPods installation.\nEOM\n    exit 1\nfi\n";
			showEnvVarsInLog = 0;
		};
/* End PBXShellScriptBuildPhase section */

/* Begin PBXSourcesBuildPhase section */
		FAB1708B1CE7DC4B002BC337 /* Sources */ = {
			isa = PBXSourcesBuildPhase;
			buildActionMask = 2147483647;
			files = (
				FAB170C71CE88265002BC337 /* Session.swift in Sources */,
				FAB170C51CE88154002BC337 /* RealmHandler.swift in Sources */,
				FAB170951CE7DC4B002BC337 /* ViewController.swift in Sources */,
				FAB170CD1CE8C7D3002BC337 /* CloudKitHandler.swift in Sources */,
				FAB170C11CE7DE5E002BC337 /* Timekeeper.swift in Sources */,
				FAB170931CE7DC4B002BC337 /* AppDelegate.swift in Sources */,
			);
			runOnlyForDeploymentPostprocessing = 0;
		};
		FAB1709F1CE7DC4B002BC337 /* Sources */ = {
			isa = PBXSourcesBuildPhase;
			buildActionMask = 2147483647;
			files = (
				FAB170A81CE7DC4B002BC337 /* WorkHTests.swift in Sources */,
			);
			runOnlyForDeploymentPostprocessing = 0;
		};
		FAB170AA1CE7DC4B002BC337 /* Sources */ = {
			isa = PBXSourcesBuildPhase;
			buildActionMask = 2147483647;
			files = (
				FAB170B31CE7DC4B002BC337 /* WorkHUITests.swift in Sources */,
			);
			runOnlyForDeploymentPostprocessing = 0;
		};
/* End PBXSourcesBuildPhase section */

/* Begin PBXTargetDependency section */
		FAB170A51CE7DC4B002BC337 /* PBXTargetDependency */ = {
			isa = PBXTargetDependency;
			target = FAB1708E1CE7DC4B002BC337 /* WorkH */;
			targetProxy = FAB170A41CE7DC4B002BC337 /* PBXContainerItemProxy */;
		};
		FAB170B01CE7DC4B002BC337 /* PBXTargetDependency */ = {
			isa = PBXTargetDependency;
			target = FAB1708E1CE7DC4B002BC337 /* WorkH */;
			targetProxy = FAB170AF1CE7DC4B002BC337 /* PBXContainerItemProxy */;
		};
/* End PBXTargetDependency section */

/* Begin PBXVariantGroup section */
		FAB170961CE7DC4B002BC337 /* Main.storyboard */ = {
			isa = PBXVariantGroup;
			children = (
				FAB170971CE7DC4B002BC337 /* Base */,
			);
			name = Main.storyboard;
			sourceTree = "<group>";
		};
		FAB1709B1CE7DC4B002BC337 /* LaunchScreen.storyboard */ = {
			isa = PBXVariantGroup;
			children = (
				FAB1709C1CE7DC4B002BC337 /* Base */,
			);
			name = LaunchScreen.storyboard;
			sourceTree = "<group>";
		};
/* End PBXVariantGroup section */

/* Begin XCBuildConfiguration section */
		FAB170B51CE7DC4B002BC337 /* Debug */ = {
			isa = XCBuildConfiguration;
			buildSettings = {
				ALWAYS_SEARCH_USER_PATHS = NO;
				CLANG_ANALYZER_NONNULL = YES;
				CLANG_CXX_LANGUAGE_STANDARD = "gnu++0x";
				CLANG_CXX_LIBRARY = "libc++";
				CLANG_ENABLE_MODULES = YES;
				CLANG_ENABLE_OBJC_ARC = YES;
				CLANG_WARN_BOOL_CONVERSION = YES;
				CLANG_WARN_CONSTANT_CONVERSION = YES;
				CLANG_WARN_DIRECT_OBJC_ISA_USAGE = YES_ERROR;
				CLANG_WARN_EMPTY_BODY = YES;
				CLANG_WARN_ENUM_CONVERSION = YES;
				CLANG_WARN_INT_CONVERSION = YES;
				CLANG_WARN_OBJC_ROOT_CLASS = YES_ERROR;
				CLANG_WARN_UNREACHABLE_CODE = YES;
				CLANG_WARN__DUPLICATE_METHOD_MATCH = YES;
				"CODE_SIGN_IDENTITY[sdk=iphoneos*]" = "iPhone Developer";
				COPY_PHASE_STRIP = NO;
				DEBUG_INFORMATION_FORMAT = dwarf;
				ENABLE_STRICT_OBJC_MSGSEND = YES;
				ENABLE_TESTABILITY = YES;
				GCC_C_LANGUAGE_STANDARD = gnu99;
				GCC_DYNAMIC_NO_PIC = NO;
				GCC_NO_COMMON_BLOCKS = YES;
				GCC_OPTIMIZATION_LEVEL = 0;
				GCC_PREPROCESSOR_DEFINITIONS = (
					"DEBUG=1",
					"$(inherited)",
				);
				GCC_WARN_64_TO_32_BIT_CONVERSION = YES;
				GCC_WARN_ABOUT_RETURN_TYPE = YES_ERROR;
				GCC_WARN_UNDECLARED_SELECTOR = YES;
				GCC_WARN_UNINITIALIZED_AUTOS = YES_AGGRESSIVE;
				GCC_WARN_UNUSED_FUNCTION = YES;
				GCC_WARN_UNUSED_VARIABLE = YES;
				IPHONEOS_DEPLOYMENT_TARGET = 9.3;
				MTL_ENABLE_DEBUG_INFO = YES;
				ONLY_ACTIVE_ARCH = YES;
				SDKROOT = iphoneos;
				SWIFT_OPTIMIZATION_LEVEL = "-Onone";
			};
			name = Debug;
		};
		FAB170B61CE7DC4B002BC337 /* Release */ = {
			isa = XCBuildConfiguration;
			buildSettings = {
				ALWAYS_SEARCH_USER_PATHS = NO;
				CLANG_ANALYZER_NONNULL = YES;
				CLANG_CXX_LANGUAGE_STANDARD = "gnu++0x";
				CLANG_CXX_LIBRARY = "libc++";
				CLANG_ENABLE_MODULES = YES;
				CLANG_ENABLE_OBJC_ARC = YES;
				CLANG_WARN_BOOL_CONVERSION = YES;
				CLANG_WARN_CONSTANT_CONVERSION = YES;
				CLANG_WARN_DIRECT_OBJC_ISA_USAGE = YES_ERROR;
				CLANG_WARN_EMPTY_BODY = YES;
				CLANG_WARN_ENUM_CONVERSION = YES;
				CLANG_WARN_INT_CONVERSION = YES;
				CLANG_WARN_OBJC_ROOT_CLASS = YES_ERROR;
				CLANG_WARN_UNREACHABLE_CODE = YES;
				CLANG_WARN__DUPLICATE_METHOD_MATCH = YES;
				"CODE_SIGN_IDENTITY[sdk=iphoneos*]" = "iPhone Developer";
				COPY_PHASE_STRIP = NO;
				DEBUG_INFORMATION_FORMAT = "dwarf-with-dsym";
				ENABLE_NS_ASSERTIONS = NO;
				ENABLE_STRICT_OBJC_MSGSEND = YES;
				GCC_C_LANGUAGE_STANDARD = gnu99;
				GCC_NO_COMMON_BLOCKS = YES;
				GCC_WARN_64_TO_32_BIT_CONVERSION = YES;
				GCC_WARN_ABOUT_RETURN_TYPE = YES_ERROR;
				GCC_WARN_UNDECLARED_SELECTOR = YES;
				GCC_WARN_UNINITIALIZED_AUTOS = YES_AGGRESSIVE;
				GCC_WARN_UNUSED_FUNCTION = YES;
				GCC_WARN_UNUSED_VARIABLE = YES;
				IPHONEOS_DEPLOYMENT_TARGET = 9.3;
				MTL_ENABLE_DEBUG_INFO = NO;
				SDKROOT = iphoneos;
				VALIDATE_PRODUCT = YES;
			};
			name = Release;
		};
		FAB170B81CE7DC4B002BC337 /* Debug */ = {
			isa = XCBuildConfiguration;
			baseConfigurationReference = 38296DB57C7D38420AFA2D3E /* Pods-WorkH.debug.xcconfig */;
			buildSettings = {
				ASSETCATALOG_COMPILER_APPICON_NAME = AppIcon;
				CODE_SIGN_ENTITLEMENTS = WorkH/WorkH.entitlements;
				INFOPLIST_FILE = WorkH/Info.plist;
				LD_RUNPATH_SEARCH_PATHS = "$(inherited) @executable_path/Frameworks";
				PRODUCT_BUNDLE_IDENTIFIER = com.zzzel.WorkH;
				PRODUCT_NAME = "$(TARGET_NAME)";
			};
			name = Debug;
		};
		FAB170B91CE7DC4B002BC337 /* Release */ = {
			isa = XCBuildConfiguration;
			baseConfigurationReference = B0026C7B9EE5DA07A3626092 /* Pods-WorkH.release.xcconfig */;
			buildSettings = {
				ASSETCATALOG_COMPILER_APPICON_NAME = AppIcon;
				CODE_SIGN_ENTITLEMENTS = WorkH/WorkH.entitlements;
				INFOPLIST_FILE = WorkH/Info.plist;
				LD_RUNPATH_SEARCH_PATHS = "$(inherited) @executable_path/Frameworks";
				PRODUCT_BUNDLE_IDENTIFIER = com.zzzel.WorkH;
				PRODUCT_NAME = "$(TARGET_NAME)";
			};
			name = Release;
		};
		FAB170BB1CE7DC4B002BC337 /* Debug */ = {
			isa = XCBuildConfiguration;
			baseConfigurationReference = 115E9A741C782036435516C5 /* Pods-WorkHTests.debug.xcconfig */;
			buildSettings = {
				BUNDLE_LOADER = "$(TEST_HOST)";
				INFOPLIST_FILE = WorkHTests/Info.plist;
				LD_RUNPATH_SEARCH_PATHS = "$(inherited) @executable_path/Frameworks @loader_path/Frameworks";
				PRODUCT_BUNDLE_IDENTIFIER = com.zzzel.WorkHTests;
				PRODUCT_NAME = "$(TARGET_NAME)";
				TEST_HOST = "$(BUILT_PRODUCTS_DIR)/WorkH.app/WorkH";
			};
			name = Debug;
		};
		FAB170BC1CE7DC4B002BC337 /* Release */ = {
			isa = XCBuildConfiguration;
			baseConfigurationReference = D87C997E72E148F80B25DFE9 /* Pods-WorkHTests.release.xcconfig */;
			buildSettings = {
				BUNDLE_LOADER = "$(TEST_HOST)";
				INFOPLIST_FILE = WorkHTests/Info.plist;
				LD_RUNPATH_SEARCH_PATHS = "$(inherited) @executable_path/Frameworks @loader_path/Frameworks";
				PRODUCT_BUNDLE_IDENTIFIER = com.zzzel.WorkHTests;
				PRODUCT_NAME = "$(TARGET_NAME)";
				TEST_HOST = "$(BUILT_PRODUCTS_DIR)/WorkH.app/WorkH";
			};
			name = Release;
		};
		FAB170BE1CE7DC4B002BC337 /* Debug */ = {
			isa = XCBuildConfiguration;
			baseConfigurationReference = ED82091935ADA0229F1114C7 /* Pods-WorkHUITests.debug.xcconfig */;
			buildSettings = {
				INFOPLIST_FILE = WorkHUITests/Info.plist;
				LD_RUNPATH_SEARCH_PATHS = "$(inherited) @executable_path/Frameworks @loader_path/Frameworks";
				PRODUCT_BUNDLE_IDENTIFIER = com.zzzel.WorkHUITests;
				PRODUCT_NAME = "$(TARGET_NAME)";
				TEST_TARGET_NAME = WorkH;
			};
			name = Debug;
		};
		FAB170BF1CE7DC4B002BC337 /* Release */ = {
			isa = XCBuildConfiguration;
			baseConfigurationReference = A0B4AEBB85AD3466081681B8 /* Pods-WorkHUITests.release.xcconfig */;
			buildSettings = {
				INFOPLIST_FILE = WorkHUITests/Info.plist;
				LD_RUNPATH_SEARCH_PATHS = "$(inherited) @executable_path/Frameworks @loader_path/Frameworks";
				PRODUCT_BUNDLE_IDENTIFIER = com.zzzel.WorkHUITests;
				PRODUCT_NAME = "$(TARGET_NAME)";
				TEST_TARGET_NAME = WorkH;
			};
			name = Release;
		};
/* End XCBuildConfiguration section */

/* Begin XCConfigurationList section */
		FAB1708A1CE7DC4B002BC337 /* Build configuration list for PBXProject "WorkH" */ = {
			isa = XCConfigurationList;
			buildConfigurations = (
				FAB170B51CE7DC4B002BC337 /* Debug */,
				FAB170B61CE7DC4B002BC337 /* Release */,
			);
			defaultConfigurationIsVisible = 0;
			defaultConfigurationName = Release;
		};
		FAB170B71CE7DC4B002BC337 /* Build configuration list for PBXNativeTarget "WorkH" */ = {
			isa = XCConfigurationList;
			buildConfigurations = (
				FAB170B81CE7DC4B002BC337 /* Debug */,
				FAB170B91CE7DC4B002BC337 /* Release */,
			);
			defaultConfigurationIsVisible = 0;
			defaultConfigurationName = Release;
		};
		FAB170BA1CE7DC4B002BC337 /* Build configuration list for PBXNativeTarget "WorkHTests" */ = {
			isa = XCConfigurationList;
			buildConfigurations = (
				FAB170BB1CE7DC4B002BC337 /* Debug */,
				FAB170BC1CE7DC4B002BC337 /* Release */,
			);
			defaultConfigurationIsVisible = 0;
			defaultConfigurationName = Release;
		};
		FAB170BD1CE7DC4B002BC337 /* Build configuration list for PBXNativeTarget "WorkHUITests" */ = {
			isa = XCConfigurationList;
			buildConfigurations = (
				FAB170BE1CE7DC4B002BC337 /* Debug */,
				FAB170BF1CE7DC4B002BC337 /* Release */,
			);
			defaultConfigurationIsVisible = 0;
			defaultConfigurationName = Release;
		};
/* End XCConfigurationList section */
	};
	rootObject = FAB170871CE7DC4B002BC337 /* Project object */;
}
